version = 1
requires-python = ">=3.11"

[[package]]
name = "bowtie2-py"
version = "2025.4.22.1"
source = { registry = "https://pypi.org/simple" }
sdist = { url = "https://files.pythonhosted.org/packages/b7/cb/aa7bc839432687d0fb9b5a7202966f6373a06da40c969628bd078197c2a2/bowtie2_py-2025.4.22.1.tar.gz", hash = "sha256:91ec75f6bc7dfeb770e6d6fd9cf633c7f2f03fd918f9c166dd6589d42e42977b", size = 55723434 }
wheels = [
    { url = "https://files.pythonhosted.org/packages/3d/fb/3560d8ae4b7350d2cd927864762415734013712e8078a29238441b50a594/bowtie2_py-2025.4.22.1-py3-none-any.whl", hash = "sha256:473e2ca7e93605a1fe315a9c07a76895c5c95b1cad89bd3072d753f8bc869ded", size = 56018262 },
]

[[package]]
name = "colorama"
version = "0.4.6"
source = { registry = "https://pypi.org/simple" }
sdist = { url = "https://files.pythonhosted.org/packages/d8/53/6f443c9a4a8358a93a6792e2acffb9d9d5cb0a5cfd8802644b7b1c9a02e4/colorama-0.4.6.tar.gz", hash = "sha256:08695f5cb7ed6e0531a20572697297273c47b8cae5a63ffc6d6ed5c201be6e44", size = 27697 }
wheels = [
    { url = "https://files.pythonhosted.org/packages/d1/d6/3965ed04c63042e047cb6a3e6ed1a63a35087b6a609aa3a15ed8ac56c221/colorama-0.4.6-py2.py3-none-any.whl", hash = "sha256:4f1d9991f5acc0ca119f9d443620b77f9d6b33703e51011c16baf57afb285fc6", size = 25335 },
]

[[package]]
name = "fastqc-py"
version = "2025.4.22.0"
source = { registry = "https://pypi.org/simple" }
sdist = { url = "https://files.pythonhosted.org/packages/13/42/fa223f1518e4b7e2f34023e06d17163086e79429230f078a6f65c895c1a9/fastqc_py-2025.4.22.0.tar.gz", hash = "sha256:d2539e8884708cc52f8be885804dcaf89b73f88eebe027da97f26bfeb8b694ae", size = 11578807 }
wheels = [
    { url = "https://files.pythonhosted.org/packages/11/e4/b627b2166ee375fd7add9e113e534c393959001a6b06e318f7ad90326781/fastqc_py-2025.4.22.0-py3-none-any.whl", hash = "sha256:19cce7515b2796977fe6f3f58d69b7116409a515ad2a234ee9668ae4b0ad18a0", size = 11707994 },
]

[[package]]
name = "fig-remake"
version = "2025.4.21.0"
source = { editable = "." }
dependencies = [
    { name = "bowtie2-py" },
    { name = "fastqc-py" },
    { name = "samtools-py" },
    { name = "tqdm" },
]

[package.metadata]
requires-dist = [
    { name = "bowtie2-py", specifier = ">=2025.4.22.0" },
    { name = "fastqc-py", specifier = ">=2025.4.22.0" },
    { name = "samtools-py", specifier = ">=2025.4.23.0" },
    { name = "tqdm", specifier = ">=4.67.1" },
]

[[package]]
name = "msys2-env"
version = "2025.4.23.0"
source = { registry = "https://pypi.org/simple" }
wheels = [
    { url = "https://files.pythonhosted.org/packages/72/81/10173d08f37df04685b779aed4a547860ea164b6d37312d915d1c4a7d83d/msys2_env-2025.4.23.0-py3-none-win_amd64.whl", hash = "sha256:e1d4d135b1b0156ffa00d8f0bf76c32ec2edbcf7f23edaf0b446e18ea76e01ce", size = 2884374 },
]

[[package]]
name = "samtools-py"
version = "2025.4.23.0"
source = { registry = "https://pypi.org/simple" }
dependencies = [
    { name = "msys2-env" },
]
wheels = [
    { url = "https://files.pythonhosted.org/packages/29/72/39a61daa205bad2a9540848582e28f3f8f3c9fc7871f55682d61ba6a8257/samtools_py-2025.4.23.0-py3-none-win_amd64.whl", hash = "sha256:64155cb1c0e7e0bcfbddf27c8f36ba2cd1fe34cf80b6094db995d8ba58dcd8fd", size = 70147496 },
]

[[package]]
name = "tqdm"
version = "4.67.1"
source = { registry = "https://pypi.org/simple" }
dependencies = [
    { name = "colorama", marker = "sys_platform == 'win32'" },
]
sdist = { url = "https://files.pythonhosted.org/packages/a8/4b/29b4ef32e036bb34e4ab51796dd745cdba7ed47ad142a9f4a1eb8e0c744d/tqdm-4.67.1.tar.gz", hash = "sha256:f8aef9c52c08c13a65f30ea34f4e5aac3fd1a34959879d7e59e63027286627f2", size = 169737 }
wheels = [
    { url = "https://files.pythonhosted.org/packages/d0/30/dc54f88dd4a2b5dc8a0279bdd7270e735851848b762aeb1c1184ed1f6b14/tqdm-4.67.1-py3-none-any.whl", hash = "sha256:26445eca388f82e72884e0d580d5464cd801a3ea01e63e5601bdff9ba6a48de2", size = 78540 },
]
